// !$*UTF8*$!
{
	archiveVersion = 1;
	classes = {
	};
	objectVersion = 55;
	objects = {

/* Begin PBXBuildFile section */
		04558BF72A00EA02003F6F10 /* AppDelegate.swift in Sources */ = {isa = PBXBuildFile; fileRef = 04558BF62A00EA02003F6F10 /* AppDelegate.swift */; };
		04558BF92A00EA02003F6F10 /* SceneDelegate.swift in Sources */ = {isa = PBXBuildFile; fileRef = 04558BF82A00EA02003F6F10 /* SceneDelegate.swift */; };
		04558BFB2A00EA02003F6F10 /* ViewController.swift in Sources */ = {isa = PBXBuildFile; fileRef = 04558BFA2A00EA02003F6F10 /* ViewController.swift */; };
		04558BFE2A00EA02003F6F10 /* Main.storyboard in Resources */ = {isa = PBXBuildFile; fileRef = 04558BFC2A00EA02003F6F10 /* Main.storyboard */; };
		04558C012A00EA02003F6F10 /* BackwardDataPassingUsingClosure_TableView.xcdatamodeld in Sources */ = {isa = PBXBuildFile; fileRef = 04558BFF2A00EA02003F6F10 /* BackwardDataPassingUsingClosure_TableView.xcdatamodeld */; };
		04558C032A00EA05003F6F10 /* Assets.xcassets in Resources */ = {isa = PBXBuildFile; fileRef = 04558C022A00EA05003F6F10 /* Assets.xcassets */; };
		04558C062A00EA05003F6F10 /* LaunchScreen.storyboard in Resources */ = {isa = PBXBuildFile; fileRef = 04558C042A00EA05003F6F10 /* LaunchScreen.storyboard */; };
		04C7DFA42A00FCF700A553F4 /* SecondViewController.swift in Sources */ = {isa = PBXBuildFile; fileRef = 04C7DFA32A00FCF700A553F4 /* SecondViewController.swift */; };
		04C7DFA72A00FDAB00A553F4 /* StudentTableViewCell.swift in Sources */ = {isa = PBXBuildFile; fileRef = 04C7DFA52A00FDAB00A553F4 /* StudentTableViewCell.swift */; };
		04C7DFA82A00FDAB00A553F4 /* StudentTableViewCell.xib in Resources */ = {isa = PBXBuildFile; fileRef = 04C7DFA62A00FDAB00A553F4 /* StudentTableViewCell.xib */; };
		04C7DFAA2A01026400A553F4 /* Student.swift in Sources */ = {isa = PBXBuildFile; fileRef = 04C7DFA92A01026400A553F4 /* Student.swift */; };
/* End PBXBuildFile section */

/* Begin PBXContainerItemProxy section */
		04558C0D2A00EA06003F6F10 /* PBXContainerItemProxy */ = {
			isa = PBXContainerItemProxy;
			containerPortal = 04558BEB2A00EA02003F6F10 /* Project object */;
			proxyType = 1;
			remoteGlobalIDString = 04558BF22A00EA02003F6F10;
			remoteInfo = BackwardDataPassingUsingClosure_TableView;
		};
		04558C172A00EA06003F6F10 /* PBXContainerItemProxy */ = {
			isa = PBXContainerItemProxy;
			containerPortal = 04558BEB2A00EA02003F6F10 /* Project object */;
			proxyType = 1;
			remoteGlobalIDString = 04558BF22A00EA02003F6F10;
			remoteInfo = BackwardDataPassingUsingClosure_TableView;
		};
/* End PBXContainerItemProxy section */

/* Begin PBXFileReference section */
		04558BF32A00EA02003F6F10 /* BackwardDataPassingUsingClosure_TableView.app */ = {isa = PBXFileReference; explicitFileType = wrapper.application; includeInIndex = 0; path = BackwardDataPassingUsingClosure_TableView.app; sourceTree = BUILT_PRODUCTS_DIR; };
		04558BF62A00EA02003F6F10 /* AppDelegate.swift */ = {isa = PBXFileReference; lastKnownFileType = sourcecode.swift; path = AppDelegate.swift; sourceTree = "<group>"; };
		04558BF82A00EA02003F6F10 /* SceneDelegate.swift */ = {isa = PBXFileReference; lastKnownFileType = sourcecode.swift; path = SceneDelegate.swift; sourceTree = "<group>"; };
		04558BFA2A00EA02003F6F10 /* ViewController.swift */ = {isa = PBXFileReference; lastKnownFileType = sourcecode.swift; path = ViewController.swift; sourceTree = "<group>"; };
		04558BFD2A00EA02003F6F10 /* Base */ = {isa = PBXFileReference; lastKnownFileType = file.storyboard; name = Base; path = Base.lproj/Main.storyboard; sourceTree = "<group>"; };
		04558C002A00EA02003F6F10 /* BackwardDataPassingUsingClosure_TableView.xcdatamodel */ = {isa = PBXFileReference; lastKnownFileType = wrapper.xcdatamodel; path = BackwardDataPassingUsingClosure_TableView.xcdatamodel; sourceTree = "<group>"; };
		04558C022A00EA05003F6F10 /* Assets.xcassets */ = {isa = PBXFileReference; lastKnownFileType = folder.assetcatalog; path = Assets.xcassets; sourceTree = "<group>"; };
		04558C052A00EA05003F6F10 /* Base */ = {isa = PBXFileReference; lastKnownFileType = file.storyboard; name = Base; path = Base.lproj/LaunchScreen.storyboard; sourceTree = "<group>"; };
		04558C072A00EA05003F6F10 /* Info.plist */ = {isa = PBXFileReference; lastKnownFileType = text.plist.xml; path = Info.plist; sourceTree = "<group>"; };
		04558C0C2A00EA06003F6F10 /* BackwardDataPassingUsingClosure_TableViewTests.xctest */ = {isa = PBXFileReference; explicitFileType = wrapper.cfbundle; includeInIndex = 0; path = BackwardDataPassingUsingClosure_TableViewTests.xctest; sourceTree = BUILT_PRODUCTS_DIR; };
		04558C162A00EA06003F6F10 /* BackwardDataPassingUsingClosure_TableViewUITests.xctest */ = {isa = PBXFileReference; explicitFileType = wrapper.cfbundle; includeInIndex = 0; path = BackwardDataPassingUsingClosure_TableViewUITests.xctest; sourceTree = BUILT_PRODUCTS_DIR; };
		04C7DFA32A00FCF700A553F4 /* SecondViewController.swift */ = {isa = PBXFileReference; lastKnownFileType = sourcecode.swift; path = SecondViewController.swift; sourceTree = "<group>"; };
		04C7DFA52A00FDAB00A553F4 /* StudentTableViewCell.swift */ = {isa = PBXFileReference; lastKnownFileType = sourcecode.swift; path = StudentTableViewCell.swift; sourceTree = "<group>"; };
		04C7DFA62A00FDAB00A553F4 /* StudentTableViewCell.xib */ = {isa = PBXFileReference; lastKnownFileType = file.xib; path = StudentTableViewCell.xib; sourceTree = "<group>"; };
		04C7DFA92A01026400A553F4 /* Student.swift */ = {isa = PBXFileReference; lastKnownFileType = sourcecode.swift; path = Student.swift; sourceTree = "<group>"; };
/* End PBXFileReference section */

/* Begin PBXFrameworksBuildPhase section */
		04558BF02A00EA02003F6F10 /* Frameworks */ = {
			isa = PBXFrameworksBuildPhase;
			buildActionMask = 2147483647;
			files = (
			);
			runOnlyForDeploymentPostprocessing = 0;
		};
		04558C092A00EA06003F6F10 /* Frameworks */ = {
			isa = PBXFrameworksBuildPhase;
			buildActionMask = 2147483647;
			files = (
			);
			runOnlyForDeploymentPostprocessing = 0;
		};
		04558C132A00EA06003F6F10 /* Frameworks */ = {
			isa = PBXFrameworksBuildPhase;
			buildActionMask = 2147483647;
			files = (
			);
			runOnlyForDeploymentPostprocessing = 0;
		};
/* End PBXFrameworksBuildPhase section */

/* Begin PBXGroup section */
		04558BEA2A00EA02003F6F10 = {
			isa = PBXGroup;
			children = (
				04558BF52A00EA02003F6F10 /* BackwardDataPassingUsingClosure_TableView */,
				04558BF42A00EA02003F6F10 /* Products */,
			);
			sourceTree = "<group>";
		};
		04558BF42A00EA02003F6F10 /* Products */ = {
			isa = PBXGroup;
			children = (
				04558BF32A00EA02003F6F10 /* BackwardDataPassingUsingClosure_TableView.app */,
				04558C0C2A00EA06003F6F10 /* BackwardDataPassingUsingClosure_TableViewTests.xctest */,
				04558C162A00EA06003F6F10 /* BackwardDataPassingUsingClosure_TableViewUITests.xctest */,
			);
			name = Products;
			sourceTree = "<group>";
		};
		04558BF52A00EA02003F6F10 /* BackwardDataPassingUsingClosure_TableView */ = {
			isa = PBXGroup;
			children = (
				04558BF62A00EA02003F6F10 /* AppDelegate.swift */,
				04558BF82A00EA02003F6F10 /* SceneDelegate.swift */,
				04558BFA2A00EA02003F6F10 /* ViewController.swift */,
				04C7DFA32A00FCF700A553F4 /* SecondViewController.swift */,
				04558BFC2A00EA02003F6F10 /* Main.storyboard */,
				04558C022A00EA05003F6F10 /* Assets.xcassets */,
				04558C042A00EA05003F6F10 /* LaunchScreen.storyboard */,
				04558C072A00EA05003F6F10 /* Info.plist */,
				04558BFF2A00EA02003F6F10 /* BackwardDataPassingUsingClosure_TableView.xcdatamodeld */,
				04C7DFA52A00FDAB00A553F4 /* StudentTableViewCell.swift */,
				04C7DFA62A00FDAB00A553F4 /* StudentTableViewCell.xib */,
				04C7DFA92A01026400A553F4 /* Student.swift */,
			);
			path = BackwardDataPassingUsingClosure_TableView;
			sourceTree = "<group>";
		};
/* End PBXGroup section */

/* Begin PBXNativeTarget section */
		04558BF22A00EA02003F6F10 /* BackwardDataPassingUsingClosure_TableView */ = {
			isa = PBXNativeTarget;
			buildConfigurationList = 04558C202A00EA06003F6F10 /* Build configuration list for PBXNativeTarget "BackwardDataPassingUsingClosure_TableView" */;
			buildPhases = (
				04558BEF2A00EA02003F6F10 /* Sources */,
				04558BF02A00EA02003F6F10 /* Frameworks */,
				04558BF12A00EA02003F6F10 /* Resources */,
			);
			buildRules = (
			);
			dependencies = (
			);
			name = BackwardDataPassingUsingClosure_TableView;
			productName = BackwardDataPassingUsingClosure_TableView;
			productReference = 04558BF32A00EA02003F6F10 /* BackwardDataPassingUsingClosure_TableView.app */;
			productType = "com.apple.product-type.application";
		};
		04558C0B2A00EA06003F6F10 /* BackwardDataPassingUsingClosure_TableViewTests */ = {
			isa = PBXNativeTarget;
			buildConfigurationList = 04558C232A00EA06003F6F10 /* Build configuration list for PBXNativeTarget "BackwardDataPassingUsingClosure_TableViewTests" */;
			buildPhases = (
				04558C082A00EA06003F6F10 /* Sources */,
				04558C092A00EA06003F6F10 /* Frameworks */,
				04558C0A2A00EA06003F6F10 /* Resources */,
			);
			buildRules = (
			);
			dependencies = (
				04558C0E2A00EA06003F6F10 /* PBXTargetDependency */,
			);
			name = BackwardDataPassingUsingClosure_TableViewTests;
			productName = BackwardDataPassingUsingClosure_TableViewTests;
			productReference = 04558C0C2A00EA06003F6F10 /* BackwardDataPassingUsingClosure_TableViewTests.xctest */;
			productType = "com.apple.product-type.bundle.unit-test";
		};
		04558C152A00EA06003F6F10 /* BackwardDataPassingUsingClosure_TableViewUITests */ = {
			isa = PBXNativeTarget;
			buildConfigurationList = 04558C262A00EA06003F6F10 /* Build configuration list for PBXNativeTarget "BackwardDataPassingUsingClosure_TableViewUITests" */;
			buildPhases = (
				04558C122A00EA06003F6F10 /* Sources */,
				04558C132A00EA06003F6F10 /* Frameworks */,
				04558C142A00EA06003F6F10 /* Resources */,
			);
			buildRules = (
			);
			dependencies = (
				04558C182A00EA06003F6F10 /* PBXTargetDependency */,
			);
			name = BackwardDataPassingUsingClosure_TableViewUITests;
			productName = BackwardDataPassingUsingClosure_TableViewUITests;
			productReference = 04558C162A00EA06003F6F10 /* BackwardDataPassingUsingClosure_TableViewUITests.xctest */;
			productType = "com.apple.product-type.bundle.ui-testing";
		};
/* End PBXNativeTarget section */

/* Begin PBXProject section */
		04558BEB2A00EA02003F6F10 /* Project object */ = {
			isa = PBXProject;
			attributes = {
				BuildIndependentTargetsInParallel = 1;
				LastSwiftUpdateCheck = 1340;
				LastUpgradeCheck = 1340;
				TargetAttributes = {
					04558BF22A00EA02003F6F10 = {
						CreatedOnToolsVersion = 13.4.1;
					};
					04558C0B2A00EA06003F6F10 = {
						CreatedOnToolsVersion = 13.4.1;
						TestTargetID = 04558BF22A00EA02003F6F10;
					};
					04558C152A00EA06003F6F10 = {
						CreatedOnToolsVersion = 13.4.1;
						TestTargetID = 04558BF22A00EA02003F6F10;
					};
				};
			};
			buildConfigurationList = 04558BEE2A00EA02003F6F10 /* Build configuration list for PBXProject "BackwardDataPassingUsingClosure_TableView" */;
			compatibilityVersion = "Xcode 13.0";
			developmentRegion = en;
			hasScannedForEncodings = 0;
			knownRegions = (
				en,
				Base,
			);
			mainGroup = 04558BEA2A00EA02003F6F10;
			productRefGroup = 04558BF42A00EA02003F6F10 /* Products */;
			projectDirPath = "";
			projectRoot = "";
			targets = (
				04558BF22A00EA02003F6F10 /* BackwardDataPassingUsingClosure_TableView */,
				04558C0B2A00EA06003F6F10 /* BackwardDataPassingUsingClosure_TableViewTests */,
				04558C152A00EA06003F6F10 /* BackwardDataPassingUsingClosure_TableViewUITests */,
			);
		};
/* End PBXProject section */

/* Begin PBXResourcesBuildPhase section */
		04558BF12A00EA02003F6F10 /* Resources */ = {
			isa = PBXResourcesBuildPhase;
			buildActionMask = 2147483647;
			files = (
				04558C062A00EA05003F6F10 /* LaunchScreen.storyboard in Resources */,
				04558C032A00EA05003F6F10 /* Assets.xcassets in Resources */,
				04558BFE2A00EA02003F6F10 /* Main.storyboard in Resources */,
				04C7DFA82A00FDAB00A553F4 /* StudentTableViewCell.xib in Resources */,
			);
			runOnlyForDeploymentPostprocessing = 0;
		};
		04558C0A2A00EA06003F6F10 /* Resources */ = {
			isa = PBXResourcesBuildPhase;
			buildActionMask = 2147483647;
			files = (
			);
			runOnlyForDeploymentPostprocessing = 0;
		};
		04558C142A00EA06003F6F10 /* Resources */ = {
			isa = PBXResourcesBuildPhase;
			buildActionMask = 2147483647;
			files = (
			);
			runOnlyForDeploymentPostprocessing = 0;
		};
/* End PBXResourcesBuildPhase section */

/* Begin PBXSourcesBuildPhase section */
		04558BEF2A00EA02003F6F10 /* Sources */ = {
			isa = PBXSourcesBuildPhase;
			buildActionMask = 2147483647;
			files = (
				04558BFB2A00EA02003F6F10 /* ViewController.swift in Sources */,
				04558C012A00EA02003F6F10 /* BackwardDataPassingUsingClosure_TableView.xcdatamodeld in Sources */,
				04558BF72A00EA02003F6F10 /* AppDelegate.swift in Sources */,
				04C7DFA42A00FCF700A553F4 /* SecondViewController.swift in Sources */,
				04558BF92A00EA02003F6F10 /* SceneDelegate.swift in Sources */,
				04C7DFAA2A01026400A553F4 /* Student.swift in Sources */,
				04C7DFA72A00FDAB00A553F4 /* StudentTableViewCell.swift in Sources */,
			);
			runOnlyForDeploymentPostprocessing = 0;
		};
		04558C082A00EA06003F6F10 /* Sources */ = {
			isa = PBXSourcesBuildPhase;
			buildActionMask = 2147483647;
			files = (
			);
			runOnlyForDeploymentPostprocessing = 0;
		};
		04558C122A00EA06003F6F10 /* Sources */ = {
			isa = PBXSourcesBuildPhase;
			buildActionMask = 2147483647;
			files = (
			);
			runOnlyForDeploymentPostprocessing = 0;
		};
/* End PBXSourcesBuildPhase section */

/* Begin PBXTargetDependency section */
		04558C0E2A00EA06003F6F10 /* PBXTargetDependency */ = {
			isa = PBXTargetDependency;
			target = 04558BF22A00EA02003F6F10 /* BackwardDataPassingUsingClosure_TableView */;
			targetProxy = 04558C0D2A00EA06003F6F10 /* PBXContainerItemProxy */;
		};
		04558C182A00EA06003F6F10 /* PBXTargetDependency */ = {
			isa = PBXTargetDependency;
			target = 04558BF22A00EA02003F6F10 /* BackwardDataPassingUsingClosure_TableView */;
			targetProxy = 04558C172A00EA06003F6F10 /* PBXContainerItemProxy */;
		};
/* End PBXTargetDependency section */

/* Begin PBXVariantGroup section */
		04558BFC2A00EA02003F6F10 /* Main.storyboard */ = {
			isa = PBXVariantGroup;
			children = (
				04558BFD2A00EA02003F6F10 /* Base */,
			);
			name = Main.storyboard;
			sourceTree = "<group>";
		};
		04558C042A00EA05003F6F10 /* LaunchScreen.storyboard */ = {
			isa = PBXVariantGroup;
			children = (
				04558C052A00EA05003F6F10 /* Base */,
			);
			name = LaunchScreen.storyboard;
			sourceTree = "<group>";
		};
/* End PBXVariantGroup section */

/* Begin XCBuildConfiguration section */
		04558C1E2A00EA06003F6F10 /* Debug */ = {
			isa = XCBuildConfiguration;
			buildSettings = {
				ALWAYS_SEARCH_USER_PATHS = NO;
				CLANG_ANALYZER_NONNULL = YES;
				CLANG_ANALYZER_NUMBER_OBJECT_CONVERSION = YES_AGGRESSIVE;
				CLANG_CXX_LANGUAGE_STANDARD = "gnu++17";
				CLANG_ENABLE_MODULES = YES;
				CLANG_ENABLE_OBJC_ARC = YES;
				CLANG_ENABLE_OBJC_WEAK = YES;
				CLANG_WARN_BLOCK_CAPTURE_AUTORELEASING = YES;
				CLANG_WARN_BOOL_CONVERSION = YES;
				CLANG_WARN_COMMA = YES;
				CLANG_WARN_CONSTANT_CONVERSION = YES;
				CLANG_WARN_DEPRECATED_OBJC_IMPLEMENTATIONS = YES;
				CLANG_WARN_DIRECT_OBJC_ISA_USAGE = YES_ERROR;
				CLANG_WARN_DOCUMENTATION_COMMENTS = YES;
				CLANG_WARN_EMPTY_BODY = YES;
				CLANG_WARN_ENUM_CONVERSION = YES;
				CLANG_WARN_INFINITE_RECURSION = YES;
				CLANG_WARN_INT_CONVERSION = YES;
				CLANG_WARN_NON_LITERAL_NULL_CONVERSION = YES;
				CLANG_WARN_OBJC_IMPLICIT_RETAIN_SELF = YES;
				CLANG_WARN_OBJC_LITERAL_CONVERSION = YES;
				CLANG_WARN_OBJC_ROOT_CLASS = YES_ERROR;
				CLANG_WARN_QUOTED_INCLUDE_IN_FRAMEWORK_HEADER = YES;
				CLANG_WARN_RANGE_LOOP_ANALYSIS = YES;
				CLANG_WARN_STRICT_PROTOTYPES = YES;
				CLANG_WARN_SUSPICIOUS_MOVE = YES;
				CLANG_WARN_UNGUARDED_AVAILABILITY = YES_AGGRESSIVE;
				CLANG_WARN_UNREACHABLE_CODE = YES;
				CLANG_WARN__DUPLICATE_METHOD_MATCH = YES;
				COPY_PHASE_STRIP = NO;
				DEBUG_INFORMATION_FORMAT = dwarf;
				ENABLE_STRICT_OBJC_MSGSEND = YES;
				ENABLE_TESTABILITY = YES;
				GCC_C_LANGUAGE_STANDARD = gnu11;
				GCC_DYNAMIC_NO_PIC = NO;
				GCC_NO_COMMON_BLOCKS = YES;
				GCC_OPTIMIZATION_LEVEL = 0;
				GCC_PREPROCESSOR_DEFINITIONS = (
					"DEBUG=1",
					"$(inherited)",
				);
				GCC_WARN_64_TO_32_BIT_CONVERSION = YES;
				GCC_WARN_ABOUT_RETURN_TYPE = YES_ERROR;
				GCC_WARN_UNDECLARED_SELECTOR = YES;
				GCC_WARN_UNINITIALIZED_AUTOS = YES_AGGRESSIVE;
				GCC_WARN_UNUSED_FUNCTION = YES;
				GCC_WARN_UNUSED_VARIABLE = YES;
				IPHONEOS_DEPLOYMENT_TARGET = 15.5;
				MTL_ENABLE_DEBUG_INFO = INCLUDE_SOURCE;
				MTL_FAST_MATH = YES;
				ONLY_ACTIVE_ARCH = YES;
				SDKROOT = iphoneos;
				SWIFT_ACTIVE_COMPILATION_CONDITIONS = DEBUG;
				SWIFT_OPTIMIZATION_LEVEL = "-Onone";
			};
			name = Debug;
		};
		04558C1F2A00EA06003F6F10 /* Release */ = {
			isa = XCBuildConfiguration;
			buildSettings = {
				ALWAYS_SEARCH_USER_PATHS = NO;
				CLANG_ANALYZER_NONNULL = YES;
				CLANG_ANALYZER_NUMBER_OBJECT_CONVERSION = YES_AGGRESSIVE;
				CLANG_CXX_LANGUAGE_STANDARD = "gnu++17";
				CLANG_ENABLE_MODULES = YES;
				CLANG_ENABLE_OBJC_ARC = YES;
				CLANG_ENABLE_OBJC_WEAK = YES;
				CLANG_WARN_BLOCK_CAPTURE_AUTORELEASING = YES;
				CLANG_WARN_BOOL_CONVERSION = YES;
				CLANG_WARN_COMMA = YES;
				CLANG_WARN_CONSTANT_CONVERSION = YES;
				CLANG_WARN_DEPRECATED_OBJC_IMPLEMENTATIONS = YES;
				CLANG_WARN_DIRECT_OBJC_ISA_USAGE = YES_ERROR;
				CLANG_WARN_DOCUMENTATION_COMMENTS = YES;
				CLANG_WARN_EMPTY_BODY = YES;
				CLANG_WARN_ENUM_CONVERSION = YES;
				CLANG_WARN_INFINITE_RECURSION = YES;
				CLANG_WARN_INT_CONVERSION = YES;
				CLANG_WARN_NON_LITERAL_NULL_CONVERSION = YES;
				CLANG_WARN_OBJC_IMPLICIT_RETAIN_SELF = YES;
				CLANG_WARN_OBJC_LITERAL_CONVERSION = YES;
				CLANG_WARN_OBJC_ROOT_CLASS = YES_ERROR;
				CLANG_WARN_QUOTED_INCLUDE_IN_FRAMEWORK_HEADER = YES;
				CLANG_WARN_RANGE_LOOP_ANALYSIS = YES;
				CLANG_WARN_STRICT_PROTOTYPES = YES;
				CLANG_WARN_SUSPICIOUS_MOVE = YES;
				CLANG_WARN_UNGUARDED_AVAILABILITY = YES_AGGRESSIVE;
				CLANG_WARN_UNREACHABLE_CODE = YES;
				CLANG_WARN__DUPLICATE_METHOD_MATCH = YES;
				COPY_PHASE_STRIP = NO;
				DEBUG_INFORMATION_FORMAT = "dwarf-with-dsym";
				ENABLE_NS_ASSERTIONS = NO;
				ENABLE_STRICT_OBJC_MSGSEND = YES;
				GCC_C_LANGUAGE_STANDARD = gnu11;
				GCC_NO_COMMON_BLOCKS = YES;
				GCC_WARN_64_TO_32_BIT_CONVERSION = YES;
				GCC_WARN_ABOUT_RETURN_TYPE = YES_ERROR;
				GCC_WARN_UNDECLARED_SELECTOR = YES;
				GCC_WARN_UNINITIALIZED_AUTOS = YES_AGGRESSIVE;
				GCC_WARN_UNUSED_FUNCTION = YES;
				GCC_WARN_UNUSED_VARIABLE = YES;
				IPHONEOS_DEPLOYMENT_TARGET = 15.5;
				MTL_ENABLE_DEBUG_INFO = NO;
				MTL_FAST_MATH = YES;
				SDKROOT = iphoneos;
				SWIFT_COMPILATION_MODE = wholemodule;
				SWIFT_OPTIMIZATION_LEVEL = "-O";
				VALIDATE_PRODUCT = YES;
			};
			name = Release;
		};
		04558C212A00EA06003F6F10 /* Debug */ = {
			isa = XCBuildConfiguration;
			buildSettings = {
				ASSETCATALOG_COMPILER_APPICON_NAME = AppIcon;
				ASSETCATALOG_COMPILER_GLOBAL_ACCENT_COLOR_NAME = AccentColor;
				CODE_SIGN_STYLE = Automatic;
				CURRENT_PROJECT_VERSION = 1;
				GENERATE_INFOPLIST_FILE = YES;
				INFOPLIST_FILE = BackwardDataPassingUsingClosure_TableView/Info.plist;
				INFOPLIST_KEY_UIApplicationSupportsIndirectInputEvents = YES;
				INFOPLIST_KEY_UILaunchStoryboardName = LaunchScreen;
				INFOPLIST_KEY_UIMainStoryboardFile = Main;
				INFOPLIST_KEY_UISupportedInterfaceOrientations_iPad = "UIInterfaceOrientationPortrait UIInterfaceOrientationPortraitUpsideDown UIInterfaceOrientationLandscapeLeft UIInterfaceOrientationLandscapeRight";
				INFOPLIST_KEY_UISupportedInterfaceOrientations_iPhone = "UIInterfaceOrientationPortrait UIInterfaceOrientationLandscapeLeft UIInterfaceOrientationLandscapeRight";
				LD_RUNPATH_SEARCH_PATHS = (
					"$(inherited)",
					"@executable_path/Frameworks",
				);
				MARKETING_VERSION = 1.0;
				PRODUCT_BUNDLE_IDENTIFIER = "rohan.BackwardDataPassingUsingClosure-TableView";
				PRODUCT_NAME = "$(TARGET_NAME)";
				SWIFT_EMIT_LOC_STRINGS = YES;
				SWIFT_VERSION = 5.0;
				TARGETED_DEVICE_FAMILY = "1,2";
			};
			name = Debug;
		};
		04558C222A00EA06003F6F10 /* Release */ = {
			isa = XCBuildConfiguration;
			buildSettings = {
				ASSETCATALOG_COMPILER_APPICON_NAME = AppIcon;
				ASSETCATALOG_COMPILER_GLOBAL_ACCENT_COLOR_NAME = AccentColor;
				CODE_SIGN_STYLE = Automatic;
				CURRENT_PROJECT_VERSION = 1;
				GENERATE_INFOPLIST_FILE = YES;
				INFOPLIST_FILE = BackwardDataPassingUsingClosure_TableView/Info.plist;
				INFOPLIST_KEY_UIApplicationSupportsIndirectInputEvents = YES;
				INFOPLIST_KEY_UILaunchStoryboardName = LaunchScreen;
				INFOPLIST_KEY_UIMainStoryboardFile = Main;
				INFOPLIST_KEY_UISupportedInterfaceOrientations_iPad = "UIInterfaceOrientationPortrait UIInterfaceOrientationPortraitUpsideDown UIInterfaceOrientationLandscapeLeft UIInterfaceOrientationLandscapeRight";
				INFOPLIST_KEY_UISupportedInterfaceOrientations_iPhone = "UIInterfaceOrientationPortrait UIInterfaceOrientationLandscapeLeft UIInterfaceOrientationLandscapeRight";
				LD_RUNPATH_SEARCH_PATHS = (
					"$(inherited)",
					"@executable_path/Frameworks",
				);
				MARKETING_VERSION = 1.0;
				PRODUCT_BUNDLE_IDENTIFIER = "rohan.BackwardDataPassingUsingClosure-TableView";
				PRODUCT_NAME = "$(TARGET_NAME)";
				SWIFT_EMIT_LOC_STRINGS = YES;
				SWIFT_VERSION = 5.0;
				TARGETED_DEVICE_FAMILY = "1,2";
			};
			name = Release;
		};
		04558C242A00EA06003F6F10 /* Debug */ = {
			isa = XCBuildConfiguration;
			buildSettings = {
				ALWAYS_EMBED_SWIFT_STANDARD_LIBRARIES = YES;
				BUNDLE_LOADER = "$(TEST_HOST)";
				CODE_SIGN_STYLE = Automatic;
				CURRENT_PROJECT_VERSION = 1;
				GENERATE_INFOPLIST_FILE = YES;
				IPHONEOS_DEPLOYMENT_TARGET = 15.5;
				MARKETING_VERSION = 1.0;
				PRODUCT_BUNDLE_IDENTIFIER = "rohan.BackwardDataPassingUsingClosure-TableViewTests";
				PRODUCT_NAME = "$(TARGET_NAME)";
				SWIFT_EMIT_LOC_STRINGS = NO;
				SWIFT_VERSION = 5.0;
				TARGETED_DEVICE_FAMILY = "1,2";
				TEST_HOST = "$(BUILT_PRODUCTS_DIR)/BackwardDataPassingUsingClosure_TableView.app/BackwardDataPassingUsingClosure_TableView";
			};
			name = Debug;
		};
		04558C252A00EA06003F6F10 /* Release */ = {
			isa = XCBuildConfiguration;
			buildSettings = {
				ALWAYS_EMBED_SWIFT_STANDARD_LIBRARIES = YES;
				BUNDLE_LOADER = "$(TEST_HOST)";
				CODE_SIGN_STYLE = Automatic;
				CURRENT_PROJECT_VERSION = 1;
				GENERATE_INFOPLIST_FILE = YES;
				IPHONEOS_DEPLOYMENT_TARGET = 15.5;
				MARKETING_VERSION = 1.0;
				PRODUCT_BUNDLE_IDENTIFIER = "rohan.BackwardDataPassingUsingClosure-TableViewTests";
				PRODUCT_NAME = "$(TARGET_NAME)";
				SWIFT_EMIT_LOC_STRINGS = NO;
				SWIFT_VERSION = 5.0;
				TARGETED_DEVICE_FAMILY = "1,2";
				TEST_HOST = "$(BUILT_PRODUCTS_DIR)/BackwardDataPassingUsingClosure_TableView.app/BackwardDataPassingUsingClosure_TableView";
			};
			name = Release;
		};
		04558C272A00EA06003F6F10 /* Debug */ = {
			isa = XCBuildConfiguration;
			buildSettings = {
				ALWAYS_EMBED_SWIFT_STANDARD_LIBRARIES = YES;
				CODE_SIGN_STYLE = Automatic;
				CURRENT_PROJECT_VERSION = 1;
				GENERATE_INFOPLIST_FILE = YES;
				MARKETING_VERSION = 1.0;
				PRODUCT_BUNDLE_IDENTIFIER = "rohan.BackwardDataPassingUsingClosure-TableViewUITests";
				PRODUCT_NAME = "$(TARGET_NAME)";
				SWIFT_EMIT_LOC_STRINGS = NO;
				SWIFT_VERSION = 5.0;
				TARGETED_DEVICE_FAMILY = "1,2";
				TEST_TARGET_NAME = BackwardDataPassingUsingClosure_TableView;
			};
			name = Debug;
		};
		04558C282A00EA06003F6F10 /* Release */ = {
			isa = XCBuildConfiguration;
			buildSettings = {
				ALWAYS_EMBED_SWIFT_STANDARD_LIBRARIES = YES;
				CODE_SIGN_STYLE = Automatic;
				CURRENT_PROJECT_VERSION = 1;
				GENERATE_INFOPLIST_FILE = YES;
				MARKETING_VERSION = 1.0;
				PRODUCT_BUNDLE_IDENTIFIER = "rohan.BackwardDataPassingUsingClosure-TableViewUITests";
				PRODUCT_NAME = "$(TARGET_NAME)";
				SWIFT_EMIT_LOC_STRINGS = NO;
				SWIFT_VERSION = 5.0;
				TARGETED_DEVICE_FAMILY = "1,2";
				TEST_TARGET_NAME = BackwardDataPassingUsingClosure_TableView;
			};
			name = Release;
		};
/* End XCBuildConfiguration section */

/* Begin XCConfigurationList section */
		04558BEE2A00EA02003F6F10 /* Build configuration list for PBXProject "BackwardDataPassingUsingClosure_TableView" */ = {
			isa = XCConfigurationList;
			buildConfigurations = (
				04558C1E2A00EA06003F6F10 /* Debug */,
				04558C1F2A00EA06003F6F10 /* Release */,
			);
			defaultConfigurationIsVisible = 0;
			defaultConfigurationName = Release;
		};
		04558C202A00EA06003F6F10 /* Build configuration list for PBXNativeTarget "BackwardDataPassingUsingClosure_TableView" */ = {
			isa = XCConfigurationList;
			buildConfigurations = (
				04558C212A00EA06003F6F10 /* Debug */,
				04558C222A00EA06003F6F10 /* Release */,
			);
			defaultConfigurationIsVisible = 0;
			defaultConfigurationName = Release;
		};
		04558C232A00EA06003F6F10 /* Build configuration list for PBXNativeTarget "BackwardDataPassingUsingClosure_TableViewTests" */ = {
			isa = XCConfigurationList;
			buildConfigurations = (
				04558C242A00EA06003F6F10 /* Debug */,
				04558C252A00EA06003F6F10 /* Release */,
			);
			defaultConfigurationIsVisible = 0;
			defaultConfigurationName = Release;
		};
		04558C262A00EA06003F6F10 /* Build configuration list for PBXNativeTarget "BackwardDataPassingUsingClosure_TableViewUITests" */ = {
			isa = XCConfigurationList;
			buildConfigurations = (
				04558C272A00EA06003F6F10 /* Debug */,
				04558C282A00EA06003F6F10 /* Release */,
			);
			defaultConfigurationIsVisible = 0;
			defaultConfigurationName = Release;
		};
/* End XCConfigurationList section */

/* Begin XCVersionGroup section */
		04558BFF2A00EA02003F6F10 /* BackwardDataPassingUsingClosure_TableView.xcdatamodeld */ = {
			isa = XCVersionGroup;
			children = (
				04558C002A00EA02003F6F10 /* BackwardDataPassingUsingClosure_TableView.xcdatamodel */,
			);
			currentVersion = 04558C002A00EA02003F6F10 /* BackwardDataPassingUsingClosure_TableView.xcdatamodel */;
			path = BackwardDataPassingUsingClosure_TableView.xcdatamodeld;
			sourceTree = "<group>";
			versionGroupType = wrapper.xcdatamodel;
		};
/* End XCVersionGroup section */
	};
	rootObject = 04558BEB2A00EA02003F6F10 /* Project object */;
}
